# This file is automatically @generated by Cargo.
# It is not intended for manual editing.
version = 4

[[package]]
name = "command_handler"
version = "0.1.0"

[[package]]
name = "crab-core"
version = "0.1.0"

[[package]]
name = "engine"
version = "0.1.0"
dependencies = [
 "command_handler",
 "threadpool",
]

[[package]]
name = "storage"
version = "0.1.0"
dependencies = [
 "crab-core",
]

[[package]]
name = "threadpool"
version = "0.1.0"
